
Microsoft Visual Studio Solution File, Format Version 12.00
# Visual Studio Version 16
VisualStudioVersion = 16.0.31515.178
MinimumVisualStudioVersion = 10.0.40219.1
Project("{FAE04EC0-301F-11D3-BF4B-00C04F79EFBC}") = "SerilogWebApp", "SerilogWebApp\SerilogWebApp.csproj", "{36CBA129-2655-41CF-A675-C2BA81AB2FD1}"
EndProject
Global
	GlobalSection(SolutionConfigurationPlatforms) = preSolution
		Debug|Any CPU = Debug|Any CPU
		Release|Any CPU = Release|Any CPU
	EndGlobalSection
	GlobalSection(ProjectConfigurationPlatforms) = postSolution
		{36CBA129-2655-41CF-A675-C2BA81AB2FD1}.Debug|Any CPU.ActiveCfg = Debug|Any CPU
		{36CBA129-2655-41CF-A675-C2BA81AB2FD1}.Debug|Any CPU.Build.0 = Debug|Any CPU
		{36CBA129-2655-41CF-A675-C2BA81AB2FD1}.Release|Any CPU.ActiveCfg = Release|Any CPU
		{36CBA129-2655-41CF-A675-C2BA81AB2FD1}.Release|Any CPU.Build.0 = Release|Any CPU
	EndGlobalSection
	GlobalSection(SolutionProperties) = preSolution
		HideSolutionNode = FALSE
	EndGlobalSection
	GlobalSection(ExtensibilityGlobals) = postSolution
		SolutionGuid = {47D5E410-8050-44C1-9B98-3761066F0A04}
	EndGlobalSection
EndGlobal
